{
    "_readme": [
        "This file locks the dependencies of your project to a known state",
        "Read more about it at https://getcomposer.org/doc/01-basic-usage.md#composer-lock-the-lock-file",
        "This file is @generated automatically"
    ],
    "content-hash": "19c856e0a56bbabcd2e957f9f30723c4",
    "packages": [
        {
            "name": "fluentdom/fluentdom",
            "version": "6.1.0",
            "source": {
                "type": "git",
                "url": "https://github.com/FluentDOM/FluentDOM.git",
                "reference": "40f5df8deb909309f2af52bad87f060a0fc59d23"
            },
            "dist": {
                "type": "zip",
                "url": "https://api.github.com/repos/FluentDOM/FluentDOM/zipball/40f5df8deb909309f2af52bad87f060a0fc59d23",
                "reference": "40f5df8deb909309f2af52bad87f060a0fc59d23",
                "shasum": ""
            },
            "require": {
                "ext-dom": "*",
                "php": ">=5.6.0"
            },
            "suggest": {
                "fluentdom/css-selector": "Allows to use css selectors."
            },
            "type": "library",
            "autoload": {
                "files": [
                    "src/FluentDOM.php"
                ],
                "psr-4": {
                    "FluentDOM\\": "src/FluentDOM"
                }
            },
            "notification-url": "https://packagist.org/downloads/",
            "license": [
                "MIT"
            ],
            "authors": [
                {
                    "name": "FluentDOM Contributors",
                    "homepage": "https://github.com/FluentDOM/FluentDOM/contributors"
                }
            ],
            "description": "A fluent api for the php dom extension.",
            "homepage": "http://fluentdom.org",
            "keywords": [
                "Xpath",
                "dom",
                "jquery",
                "xml"
            ],
            "time": "2017-06-30T21:04:28+00:00"
        },
        {
            "name": "plansys/yard",
            "version": "0.0.4",
            "source": {
                "type": "git",
                "url": "https://github.com/plansys/yard.git",
                "reference": "18327c4a74de6c8b3a8c1145f522cb78a1bd2b55"
            },
            "dist": {
                "type": "zip",
                "url": "https://api.github.com/repos/plansys/yard/zipball/18327c4a74de6c8b3a8c1145f522cb78a1bd2b55",
                "reference": "18327c4a74de6c8b3a8c1145f522cb78a1bd2b55",
                "shasum": ""
            },
            "require": {
                "fluentdom/fluentdom": "^6.0"
            },
            "type": "library",
            "autoload": {
                "psr-4": {
                    "Yard\\": "src/"
                }
            },
            "notification-url": "https://packagist.org/downloads/",
            "license": [
                "MIT"
            ],
            "authors": [
                {
                    "name": "Rizky",
                    "email": "rizky@andromedia.co.id"
                }
            ],
            "description": "Write ReactJS Component in PHP!",
            "time": "2017-06-27T22:00:49+00:00"
        }
    ],
    "packages-dev": [],
    "aliases": [],
    "minimum-stability": "stable",
    "stability-flags": [],
    "prefer-stable": false,
    "prefer-lowest": false,
    "platform": [],
    "platform-dev": []
}
